
Microsoft Visual Studio Solution File, Format Version 12.00
# Visual Studio 15
VisualStudioVersion = 15.0.26124.0
MinimumVisualStudioVersion = 15.0.26124.0
Project("{9A19103F-16F7-4668-BE54-9A1E7A4F7556}") = "LargeXlsx", "src\LargeXlsx\LargeXlsx.csproj", "{308A5F0D-BD89-45C3-A3A3-13A88C95BB3B}"
EndProject
Project("{9A19103F-16F7-4668-BE54-9A1E7A4F7556}") = "ExamplesDotNetCore", "examples\ExamplesDotNetCore\ExamplesDotNetCore.csproj", "{869D7E79-84C9-4841-BB4E-D09ED41D44EE}"
EndProject
Project("{FAE04EC0-301F-11D3-BF4B-00C04F79EFBC}") = "ExamplesDotNetFramework", "examples\ExamplesDotNetFramework\ExamplesDotNetFramework.csproj", "{BE1A2AC5-1071-4C16-AC43-BAE507B7A0CD}"
EndProject
Project("{9A19103F-16F7-4668-BE54-9A1E7A4F7556}") = "LargeXlsx.Tests", "tests\LargeXlsx.Tests.csproj", "{504AC08D-4236-4475-A379-E498A499ED44}"
EndProject
Global
	GlobalSection(SolutionConfigurationPlatforms) = preSolution
		Debug|Any CPU = Debug|Any CPU
		Debug|x64 = Debug|x64
		Debug|x86 = Debug|x86
		Release|Any CPU = Release|Any CPU
		Release|x64 = Release|x64
		Release|x86 = Release|x86
	EndGlobalSection
	GlobalSection(ProjectConfigurationPlatforms) = postSolution
		{308A5F0D-BD89-45C3-A3A3-13A88C95BB3B}.Debug|Any CPU.ActiveCfg = Debug|Any CPU
		{308A5F0D-BD89-45C3-A3A3-13A88C95BB3B}.Debug|Any CPU.Build.0 = Debug|Any CPU
		{308A5F0D-BD89-45C3-A3A3-13A88C95BB3B}.Debug|x64.ActiveCfg = Debug|Any CPU
		{308A5F0D-BD89-45C3-A3A3-13A88C95BB3B}.Debug|x64.Build.0 = Debug|Any CPU
		{308A5F0D-BD89-45C3-A3A3-13A88C95BB3B}.Debug|x86.ActiveCfg = Debug|Any CPU
		{308A5F0D-BD89-45C3-A3A3-13A88C95BB3B}.Debug|x86.Build.0 = Debug|Any CPU
		{308A5F0D-BD89-45C3-A3A3-13A88C95BB3B}.Release|Any CPU.ActiveCfg = Release|Any CPU
		{308A5F0D-BD89-45C3-A3A3-13A88C95BB3B}.Release|Any CPU.Build.0 = Release|Any CPU
		{308A5F0D-BD89-45C3-A3A3-13A88C95BB3B}.Release|x64.ActiveCfg = Release|Any CPU
		{308A5F0D-BD89-45C3-A3A3-13A88C95BB3B}.Release|x64.Build.0 = Release|Any CPU
		{308A5F0D-BD89-45C3-A3A3-13A88C95BB3B}.Release|x86.ActiveCfg = Release|Any CPU
		{308A5F0D-BD89-45C3-A3A3-13A88C95BB3B}.Release|x86.Build.0 = Release|Any CPU
		{869D7E79-84C9-4841-BB4E-D09ED41D44EE}.Debug|Any CPU.ActiveCfg = Debug|Any CPU
		{869D7E79-84C9-4841-BB4E-D09ED41D44EE}.Debug|Any CPU.Build.0 = Debug|Any CPU
		{869D7E79-84C9-4841-BB4E-D09ED41D44EE}.Debug|x64.ActiveCfg = Debug|Any CPU
		{869D7E79-84C9-4841-BB4E-D09ED41D44EE}.Debug|x64.Build.0 = Debug|Any CPU
		{869D7E79-84C9-4841-BB4E-D09ED41D44EE}.Debug|x86.ActiveCfg = Debug|Any CPU
		{869D7E79-84C9-4841-BB4E-D09ED41D44EE}.Debug|x86.Build.0 = Debug|Any CPU
		{869D7E79-84C9-4841-BB4E-D09ED41D44EE}.Release|Any CPU.ActiveCfg = Release|Any CPU
		{869D7E79-84C9-4841-BB4E-D09ED41D44EE}.Release|Any CPU.Build.0 = Release|Any CPU
		{869D7E79-84C9-4841-BB4E-D09ED41D44EE}.Release|x64.ActiveCfg = Release|Any CPU
		{869D7E79-84C9-4841-BB4E-D09ED41D44EE}.Release|x64.Build.0 = Release|Any CPU
		{869D7E79-84C9-4841-BB4E-D09ED41D44EE}.Release|x86.ActiveCfg = Release|Any CPU
		{869D7E79-84C9-4841-BB4E-D09ED41D44EE}.Release|x86.Build.0 = Release|Any CPU
		{BE1A2AC5-1071-4C16-AC43-BAE507B7A0CD}.Debug|Any CPU.ActiveCfg = Debug|Any CPU
		{BE1A2AC5-1071-4C16-AC43-BAE507B7A0CD}.Debug|Any CPU.Build.0 = Debug|Any CPU
		{BE1A2AC5-1071-4C16-AC43-BAE507B7A0CD}.Debug|x64.ActiveCfg = Debug|Any CPU
		{BE1A2AC5-1071-4C16-AC43-BAE507B7A0CD}.Debug|x64.Build.0 = Debug|Any CPU
		{BE1A2AC5-1071-4C16-AC43-BAE507B7A0CD}.Debug|x86.ActiveCfg = Debug|Any CPU
		{BE1A2AC5-1071-4C16-AC43-BAE507B7A0CD}.Debug|x86.Build.0 = Debug|Any CPU
		{BE1A2AC5-1071-4C16-AC43-BAE507B7A0CD}.Release|Any CPU.ActiveCfg = Release|Any CPU
		{BE1A2AC5-1071-4C16-AC43-BAE507B7A0CD}.Release|Any CPU.Build.0 = Release|Any CPU
		{BE1A2AC5-1071-4C16-AC43-BAE507B7A0CD}.Release|x64.ActiveCfg = Release|Any CPU
		{BE1A2AC5-1071-4C16-AC43-BAE507B7A0CD}.Release|x64.Build.0 = Release|Any CPU
		{BE1A2AC5-1071-4C16-AC43-BAE507B7A0CD}.Release|x86.ActiveCfg = Release|Any CPU
		{BE1A2AC5-1071-4C16-AC43-BAE507B7A0CD}.Release|x86.Build.0 = Release|Any CPU
		{504AC08D-4236-4475-A379-E498A499ED44}.Debug|Any CPU.ActiveCfg = Debug|Any CPU
		{504AC08D-4236-4475-A379-E498A499ED44}.Debug|Any CPU.Build.0 = Debug|Any CPU
		{504AC08D-4236-4475-A379-E498A499ED44}.Debug|x64.ActiveCfg = Debug|Any CPU
		{504AC08D-4236-4475-A379-E498A499ED44}.Debug|x64.Build.0 = Debug|Any CPU
		{504AC08D-4236-4475-A379-E498A499ED44}.Debug|x86.ActiveCfg = Debug|Any CPU
		{504AC08D-4236-4475-A379-E498A499ED44}.Debug|x86.Build.0 = Debug|Any CPU
		{504AC08D-4236-4475-A379-E498A499ED44}.Release|Any CPU.ActiveCfg = Release|Any CPU
		{504AC08D-4236-4475-A379-E498A499ED44}.Release|Any CPU.Build.0 = Release|Any CPU
		{504AC08D-4236-4475-A379-E498A499ED44}.Release|x64.ActiveCfg = Release|Any CPU
		{504AC08D-4236-4475-A379-E498A499ED44}.Release|x64.Build.0 = Release|Any CPU
		{504AC08D-4236-4475-A379-E498A499ED44}.Release|x86.ActiveCfg = Release|Any CPU
		{504AC08D-4236-4475-A379-E498A499ED44}.Release|x86.Build.0 = Release|Any CPU
	EndGlobalSection
	GlobalSection(SolutionProperties) = preSolution
		HideSolutionNode = FALSE
	EndGlobalSection
	GlobalSection(ExtensibilityGlobals) = postSolution
		SolutionGuid = {795E3115-0F02-4491-90AD-5AB99221AAF4}
	EndGlobalSection
EndGlobal
